
Microsoft Visual Studio Solution File, Format Version 12.00
# Visual Studio Version 17
VisualStudioVersion = 17.12.35728.132 d17.12
MinimumVisualStudioVersion = 10.0.40219.1
Project("{FAE04EC0-301F-11D3-BF4B-00C04F79EFBC}") = "MicroLexxika.Api", "MicroLexxika.Api\MicroLexxika.Api.csproj", "{E510F32B-9DF8-4BCF-8ECA-9B1DC34150B4}"
EndProject
Project("{FAE04EC0-301F-11D3-BF4B-00C04F79EFBC}") = "MicroLexxika.Domain", "MicroLexxika.Domain\MicroLexxika.Domain.csproj", "{AA1A7F9E-7F1C-49CD-A508-D2BDC18C394C}"
EndProject
Project("{FAE04EC0-301F-11D3-BF4B-00C04F79EFBC}") = "MicroLexxika.Data", "MicroLexxika.Data\MicroLexxika.Data.csproj", "{90005D24-F75B-4ED6-8DA1-9E04ECFD61D2}"
EndProject
Project("{54A90642-561A-4BB1-A94E-469ADEE60C69}") = "MicroLexxika.Web", "MicroLexxika.Web\MicroLexxika.Web.esproj", "{48F9A10A-79F5-4C5B-836A-D1970643AB08}"
EndProject
Global
	GlobalSection(SolutionConfigurationPlatforms) = preSolution
		Debug|Any CPU = Debug|Any CPU
		Release|Any CPU = Release|Any CPU
	EndGlobalSection
	GlobalSection(ProjectConfigurationPlatforms) = postSolution
		{E510F32B-9DF8-4BCF-8ECA-9B1DC34150B4}.Debug|Any CPU.ActiveCfg = Debug|Any CPU
		{E510F32B-9DF8-4BCF-8ECA-9B1DC34150B4}.Debug|Any CPU.Build.0 = Debug|Any CPU
		{E510F32B-9DF8-4BCF-8ECA-9B1DC34150B4}.Release|Any CPU.ActiveCfg = Release|Any CPU
		{E510F32B-9DF8-4BCF-8ECA-9B1DC34150B4}.Release|Any CPU.Build.0 = Release|Any CPU
		{AA1A7F9E-7F1C-49CD-A508-D2BDC18C394C}.Debug|Any CPU.ActiveCfg = Debug|Any CPU
		{AA1A7F9E-7F1C-49CD-A508-D2BDC18C394C}.Debug|Any CPU.Build.0 = Debug|Any CPU
		{AA1A7F9E-7F1C-49CD-A508-D2BDC18C394C}.Release|Any CPU.ActiveCfg = Release|Any CPU
		{AA1A7F9E-7F1C-49CD-A508-D2BDC18C394C}.Release|Any CPU.Build.0 = Release|Any CPU
		{90005D24-F75B-4ED6-8DA1-9E04ECFD61D2}.Debug|Any CPU.ActiveCfg = Debug|Any CPU
		{90005D24-F75B-4ED6-8DA1-9E04ECFD61D2}.Debug|Any CPU.Build.0 = Debug|Any CPU
		{90005D24-F75B-4ED6-8DA1-9E04ECFD61D2}.Release|Any CPU.ActiveCfg = Release|Any CPU
		{90005D24-F75B-4ED6-8DA1-9E04ECFD61D2}.Release|Any CPU.Build.0 = Release|Any CPU
		{48F9A10A-79F5-4C5B-836A-D1970643AB08}.Debug|Any CPU.ActiveCfg = Debug|Any CPU
		{48F9A10A-79F5-4C5B-836A-D1970643AB08}.Debug|Any CPU.Build.0 = Debug|Any CPU
		{48F9A10A-79F5-4C5B-836A-D1970643AB08}.Debug|Any CPU.Deploy.0 = Debug|Any CPU
		{48F9A10A-79F5-4C5B-836A-D1970643AB08}.Release|Any CPU.ActiveCfg = Release|Any CPU
		{48F9A10A-79F5-4C5B-836A-D1970643AB08}.Release|Any CPU.Build.0 = Release|Any CPU
		{48F9A10A-79F5-4C5B-836A-D1970643AB08}.Release|Any CPU.Deploy.0 = Release|Any CPU
	EndGlobalSection
	GlobalSection(SolutionProperties) = preSolution
		HideSolutionNode = FALSE
	EndGlobalSection
EndGlobal
